PODS:
  - Alamofire (4.9.0)
  - Charts (3.3.0):
    - Charts/Core (= 3.3.0)
  - Charts/Core (3.3.0)
  - CocoaLumberjack (3.4.2):
    - CocoaLumberjack/Default (= 3.4.2)
    - CocoaLumberjack/Extensions (= 3.4.2)
  - CocoaLumberjack/Default (3.4.2)
  - CocoaLumberjack/Extensions (3.4.2):
    - CocoaLumberjack/Default
  - DateToolsSwift (4.0.0)
  - DynamicBlurView (3.0.1)
  - FBSDKCoreKit (5.15.1):
    - FBSDKCoreKit/Basics (= 5.15.1)
    - FBSDKCoreKit/Core (= 5.15.1)
  - FBSDKCoreKit/Basics (5.15.1)
  - FBSDKCoreKit/Core (5.15.1):
    - FBSDKCoreKit/Basics
  - FBSDKLoginKit (5.15.1):
    - FBSDKLoginKit/Login (= 5.15.1)
  - FBSDKLoginKit/Login (5.15.1):
    - FBSDKCoreKit (~> 5.0)
  - Firebase/Analytics (6.28.1):
    - Firebase/Core
  - Firebase/Auth (6.28.1):
    - Firebase/CoreOnly
    - FirebaseAuth (~> 6.7.0)
  - Firebase/Core (6.28.1):
    - Firebase/CoreOnly
    - FirebaseAnalytics (= 6.6.2)
  - Firebase/CoreOnly (6.28.1):
    - FirebaseCore (= 6.9.1)
  - Firebase/Crashlytics (6.28.1):
    - Firebase/CoreOnly
    - FirebaseCrashlytics (~> 4.3.0)
  - Firebase/InAppMessagingDisplay (6.28.1):
    - Firebase/CoreOnly
    - FirebaseInAppMessagingDisplay (~> 0.17.0)
  - Firebase/Messaging (6.28.1):
    - Firebase/CoreOnly
    - FirebaseMessaging (~> 4.6.0)
  - Firebase/RemoteConfig (6.28.1):
    - Firebase/CoreOnly
    - FirebaseRemoteConfig (~> 4.7.0)
  - FirebaseABTesting (4.0.0):
    - FirebaseCore (~> 6.8)
  - FirebaseAnalytics (6.6.2):
    - FirebaseCore (~> 6.8)
    - FirebaseInstallations (~> 1.4)
    - GoogleAppMeasurement (= 6.6.2)
    - GoogleUtilities/AppDelegateSwizzler (~> 6.0)
    - GoogleUtilities/MethodSwizzler (~> 6.0)
    - GoogleUtilities/Network (~> 6.0)
    - "GoogleUtilities/NSData+zlib (~> 6.0)"
    - nanopb (~> 1.30905.0)
  - FirebaseAuth (6.7.0):
    - FirebaseCore (~> 6.8)
    - GoogleUtilities/AppDelegateSwizzler (~> 6.7)
    - GoogleUtilities/Environment (~> 6.7)
    - GTMSessionFetcher/Core (~> 1.1)
  - FirebaseCore (6.9.1):
    - FirebaseCoreDiagnostics (~> 1.3)
    - GoogleUtilities/Environment (~> 6.7)
    - GoogleUtilities/Logger (~> 6.7)
  - FirebaseCoreDiagnostics (1.5.0):
    - GoogleDataTransport (~> 7.0)
    - GoogleUtilities/Environment (~> 6.7)
    - GoogleUtilities/Logger (~> 6.7)
    - nanopb (~> 1.30905.0)
  - FirebaseCrashlytics (4.3.0):
    - FirebaseCore (~> 6.8)
    - FirebaseInstallations (~> 1.1)
    - GoogleDataTransport (~> 7.0)
    - nanopb (~> 1.30905.0)
    - PromisesObjC (~> 1.2)
  - FirebaseInAppMessagingDisplay (0.17.0)
  - FirebaseInstallations (1.5.0):
    - FirebaseCore (~> 6.8)
    - GoogleUtilities/Environment (~> 6.7)
    - GoogleUtilities/UserDefaults (~> 6.7)
    - PromisesObjC (~> 1.2)
  - FirebaseInstanceID (4.5.0):
    - FirebaseCore (~> 6.8)
    - FirebaseInstallations (~> 1.0)
    - GoogleUtilities/Environment (~> 6.7)
    - GoogleUtilities/UserDefaults (~> 6.7)
  - FirebaseMessaging (4.6.0):
    - FirebaseCore (~> 6.8)
    - FirebaseInstanceID (~> 4.3)
    - GoogleUtilities/AppDelegateSwizzler (~> 6.7)
    - GoogleUtilities/Environment (~> 6.7)
    - GoogleUtilities/Reachability (~> 6.7)
    - GoogleUtilities/UserDefaults (~> 6.7)
    - Protobuf (>= 3.9.2, ~> 3.9)
  - FirebaseRemoteConfig (4.7.0):
    - FirebaseABTesting (~> 4.0)
    - FirebaseCore (~> 6.8)
    - FirebaseInstallations (~> 1.1)
    - GoogleUtilities/Environment (~> 6.7)
    - "GoogleUtilities/NSData+zlib (~> 6.7)"
  - FirebaseUI/Auth (8.4.2):
    - Firebase/Auth (~> 6.0)
    - GoogleUtilities/UserDefaults
  - FirebaseUI/Facebook (8.4.2):
    - FBSDKLoginKit (~> 5.0)
    - FirebaseUI/Auth
  - FMDB (2.7.5):
    - FMDB/standard (= 2.7.5)
  - FMDB/standard (2.7.5)
  - FRHyperLabel (1.0.4)
  - GoogleAppMeasurement (6.6.2):
    - GoogleUtilities/AppDelegateSwizzler (~> 6.0)
    - GoogleUtilities/MethodSwizzler (~> 6.0)
    - GoogleUtilities/Network (~> 6.0)
    - "GoogleUtilities/NSData+zlib (~> 6.0)"
    - nanopb (~> 1.30905.0)
  - GoogleDataTransport (7.0.0):
    - nanopb (~> 1.30905.0)
  - GoogleUtilities/AppDelegateSwizzler (6.7.1):
    - GoogleUtilities/Environment
    - GoogleUtilities/Logger
    - GoogleUtilities/Network
  - GoogleUtilities/Environment (6.7.1):
    - PromisesObjC (~> 1.2)
  - GoogleUtilities/Logger (6.7.1):
    - GoogleUtilities/Environment
  - GoogleUtilities/MethodSwizzler (6.7.1):
    - GoogleUtilities/Logger
  - GoogleUtilities/Network (6.7.1):
    - GoogleUtilities/Logger
    - "GoogleUtilities/NSData+zlib"
    - GoogleUtilities/Reachability
  - "GoogleUtilities/NSData+zlib (6.7.1)"
  - GoogleUtilities/Reachability (6.7.1):
    - GoogleUtilities/Logger
  - GoogleUtilities/UserDefaults (6.7.1):
    - GoogleUtilities/Logger
  - GTMSessionFetcher/Core (1.4.0)
  - Hex (6.1.0)
  - Intercom (7.1.2)
  - IQKeyboardManagerSwift (6.5.5)
  - Mantle (2.1.0):
    - Mantle/extobjc (= 2.1.0)
  - Mantle/extobjc (2.1.0)
  - MHLoadingButton (0.1.0)
  - Mixpanel-swift (2.6.7):
    - Mixpanel-swift/Complete (= 2.6.7)
  - Mixpanel-swift/Complete (2.6.7)
  - nanopb (1.30905.0):
    - nanopb/decode (= 1.30905.0)
    - nanopb/encode (= 1.30905.0)
  - nanopb/decode (1.30905.0)
  - nanopb/encode (1.30905.0)
  - NavigationDropdownMenu (5.0.0)
  - Obfuscator (2.0.0)
  - OneSignal (2.14.3)
  - Onfido (18.3.0)
  - PopOverMenu (2.5.4)
  - PopupDialog (1.0.0):
    - DynamicBlurView (~> 3.0.1)
  - PromiseKit (6.11.0):
    - PromiseKit/CorePromise (= 6.11.0)
    - PromiseKit/Foundation (= 6.11.0)
    - PromiseKit/UIKit (= 6.11.0)
  - PromiseKit/CorePromise (6.11.0)
  - PromiseKit/Foundation (6.11.0):
    - PromiseKit/CorePromise
  - PromiseKit/UIKit (6.11.0):
    - PromiseKit/CorePromise
  - PromisesObjC (1.2.8)
  - Protobuf (3.12.0)
  - PullToRefreshKit (0.8.8)
  - QuickLayout (3.0.0)
  - REValidation (0.1.4)
  - SDWebImage (5.2.3):
    - SDWebImage/Core (= 5.2.3)
  - SDWebImage/Core (5.2.3)
  - SearchTextField (1.2.4)
  - SnapshotTest (3.0.0)
  - SQLCipher (4.2.0):
    - SQLCipher/standard (= 4.2.0)
  - SQLCipher/common (4.2.0)
  - SQLCipher/standard (4.2.0):
    - SQLCipher/common
  - sqlite3 (3.27.2):
    - sqlite3/common (= 3.27.2)
  - sqlite3/common (3.27.2)
  - SVProgressHUD (2.2.5)
  - SwiftEntryKit (1.1.0):
    - QuickLayout (= 3.0.0)
  - SwiftKeychainWrapper (3.4.0)
  - UDatePicker (1.1.1)
  - "UITextView+Placeholder (1.4.0)"
  - Validator (3.2.1)

DEPENDENCIES:
  - Alamofire (~> 4.9.0)
  - Charts (~> 3.3)
  - CocoaLumberjack (<= 3.4.2)
  - DateToolsSwift
  - Firebase/Analytics
  - Firebase/Auth
  - Firebase/Core
  - Firebase/Crashlytics
  - Firebase/InAppMessagingDisplay
  - Firebase/Messaging
  - Firebase/RemoteConfig
  - FirebaseUI/Auth
  - FirebaseUI/Facebook
  - FMDB
  - FRHyperLabel
  - Hex
  - Intercom
  - IQKeyboardManagerSwift
  - Mantle
  - MHLoadingButton
  - Mixpanel-swift
  - NavigationDropdownMenu
  - Obfuscator
  - OneSignal (< 3.0, >= 2.11.2)
  - Onfido
  - PopOverMenu
  - PopupDialog (~> 1.0.0)
  - PromiseKit
  - PromisesObjC
  - PullToRefreshKit
  - REValidation
  - SDWebImage (~> 5.0)
  - SearchTextField (~> 1.2.0)
  - SnapshotTest
  - SQLCipher
  - sqlite3 (~> 3.27.2)
  - SVProgressHUD
  - SwiftEntryKit (= 1.1.0)
  - SwiftKeychainWrapper
  - UDatePicker (~> 1.1.1)
  - "UITextView+Placeholder"
  - Validator (~> 3.2)

SPEC REPOS:
  https://github.com/CocoaPods/Specs.git:
    - Alamofire
    - Charts
    - CocoaLumberjack
    - DateToolsSwift
    - DynamicBlurView
    - FMDB
    - Hex
    - Mantle
    - NavigationDropdownMenu
    - Obfuscator
    - PopOverMenu
    - PopupDialog
    - PromiseKit
    - PromisesObjC
    - PullToRefreshKit
    - QuickLayout
    - REValidation
    - SDWebImage
    - SearchTextField
    - SnapshotTest
    - SQLCipher
    - sqlite3
    - SVProgressHUD
    - SwiftEntryKit
    - SwiftKeychainWrapper
    - UDatePicker
    - Validator
  trunk:
    - FBSDKCoreKit
    - FBSDKLoginKit
    - Firebase
    - FirebaseABTesting
    - FirebaseAnalytics
    - FirebaseAuth
    - FirebaseCore
    - FirebaseCoreDiagnostics
    - FirebaseCrashlytics
    - FirebaseInAppMessagingDisplay
    - FirebaseInstallations
    - FirebaseInstanceID
    - FirebaseMessaging
    - FirebaseRemoteConfig
    - FirebaseUI
    - FRHyperLabel
    - GoogleAppMeasurement
    - GoogleDataTransport
    - GoogleUtilities
    - GTMSessionFetcher
    - Intercom
    - IQKeyboardManagerSwift
    - MHLoadingButton
    - Mixpanel-swift
    - nanopb
    - OneSignal
    - Onfido
    - Protobuf
    - "UITextView+Placeholder"

SPEC CHECKSUMS:
  Alamofire: afc3e7c6db61476cb45cdd23fed06bad03bbc321
  Charts: e0dd4cd8f257bccf98407b58183ddca8e8d5b578
  CocoaLumberjack: db7cc9e464771f12054c22ff6947c5a58d43a0fd
  DateToolsSwift: 875d97ff9e3a5d54abdd67a269b3f51c757b71ab
  DynamicBlurView: b1df5415f9bd31897549e5d7077e5ec120a4d636
  FBSDKCoreKit: 1d5acf7c9d7a2f92bb1a242dc60cae5b7adb91df
  FBSDKLoginKit: f1ea8026a58b52d30c9f2e6a58ca7d813619fb83
  Firebase: ed042590caa0029392257529a8003c25ee82bc18
  FirebaseABTesting: dc041951b2d9d9279c300222647b0cba48022d1f
  FirebaseAnalytics: 5fa308e1b13f838d0f6dc74719ac2a72e8c5afc4
  FirebaseAuth: 06feef26ff3a98323677c76c4102146b872cd6b7
  FirebaseCore: 687b8e6a0a4337b898a6326d68254c2f80c143af
  FirebaseCoreDiagnostics: 7535fe695737f8c5b350584292a70b7f8ff0357b
  FirebaseCrashlytics: f6ae039fdaf07980425f2ae9f49131fc94009c58
  FirebaseInAppMessagingDisplay: b55300a5353ed570ee18e7be6d853feccb17e4aa
  FirebaseInstallations: 3c520c951305cbf9ca54eb891ff9e6d1fd384881
  FirebaseInstanceID: 358d5cb393d2750a745569ede06827c35aea530b
  FirebaseMessaging: bdd4d573eab37ebee29bad4e7c4b0ef18fa1a952
  FirebaseRemoteConfig: a7d272194b5336a66ca3e35beb5de67f18c79b91
  FirebaseUI: e57e9b9c4340631151fbe67a14206d23d0974f37
  FMDB: 2ce00b547f966261cd18927a3ddb07cb6f3db82a
  FRHyperLabel: f4a127d5f8ffb211040554615e93f936d5a576a6
  GoogleAppMeasurement: 8cd1f289d60e629cf16ab03363b9e89c776b9651
  GoogleDataTransport: 8a40cb194ad242b6f6dfe72c14fe40fc67c4dcd7
  GoogleUtilities: e121a3867449ce16b0e35ddf1797ea7a389ffdf2
  GTMSessionFetcher: 6f5c8abbab8a9bce4bb3f057e317728ec6182b10
  Hex: 2f67dd0cbb178cb24992e7529b025b8d16ff0bdc
  Intercom: ce4923a73543fe70c805635846b6dadf03b0b847
  IQKeyboardManagerSwift: 0fb93310284665245591f50f7a5e38de615960b7
  Mantle: 2fa750afa478cd625a94230fbf1c13462f29395b
  MHLoadingButton: 810a3123f739e32fcd4beec45b8d1a3bad06e38e
  Mixpanel-swift: 9118aa461d7ad4bb66718b0d4d826e6487bb0105
  nanopb: c43f40fadfe79e8b8db116583945847910cbabc9
  NavigationDropdownMenu: 02a0e0ab71abd174396ab84ef27863d27e6ac2b9
  Obfuscator: 9573f662415f048c1de91f99aa10626dd50e5007
  OneSignal: 7dfe466265c05f02b95a274b9c997a0619ad2117
  Onfido: 572cb9c1ab40277318528584363cac22cc1ada21
  PopOverMenu: 0a5cbb60b38fa86f5fd8a703e51fa1b51d181215
  PopupDialog: 28f29a1ffe9e1fab32fb258b53d56ca31670e8a2
  PromiseKit: e4863d06976e7dee5e41c04fc7371c16b3600292
  PromisesObjC: c119f3cd559f50b7ae681fa59dc1acd19173b7e6
  Protobuf: 2793fcd0622a00b546c60e7cbbcc493e043e9bb9
  PullToRefreshKit: 7cc53e720e69f135cffa1a57784dfb534f0222ab
  QuickLayout: 07b45a72b10083fee3f095990cfed1c1e7b27f0a
  REValidation: 38c4de1be58455f8b00aab208ac80db316a66b7f
  SDWebImage: 46a7f73228f84ce80990c786e4372cf4db5875ce
  SearchTextField: 40dc3cc57def5a211f263cac263622c163bbc25a
  SnapshotTest: 8d5c6a5778d5a7ae6e9cec9eae087696ebbd3ab1
  SQLCipher: 0187a2180ac288ea686b670b7141da62cd013b16
  sqlite3: 80ee60823f7cf9ea4cd36ef7d68ea4a54b20906a
  SVProgressHUD: 1428aafac632c1f86f62aa4243ec12008d7a51d6
  SwiftEntryKit: 3f922303644cb41112564cb2379abc266387594d
  SwiftKeychainWrapper: 6fc49fbf7d4a6b0772917acb0e53a1639f6078d6
  UDatePicker: 9bc1e36698982375332daff674d26a68d40e2d3a
  "UITextView+Placeholder": d7b0c400921f66523f3a85d74f774512e14f6502
  Validator: 80a6f567220c962dfd2d9928ae98a8c1d164f6f4

PODFILE CHECKSUM: 4511932546833883d58b72ce0bda020d4f24cf75

COCOAPODS: 1.9.3
