PODS:
  - Alamofire (4.9.1)
  - Charts (3.4.0):
    - Charts/Core (= 3.4.0)
  - Charts/Core (3.4.0)
  - CocoaLumberjack (3.4.2):
    - CocoaLumberjack/Default (= 3.4.2)
    - CocoaLumberjack/Extensions (= 3.4.2)
  - CocoaLumberjack/Default (3.4.2)
  - CocoaLumberjack/Extensions (3.4.2):
    - CocoaLumberjack/Default
  - Crashlytics (3.14.0):
    - Fabric (~> 1.10.2)
  - DateToolsSwift (5.0.0)
  - DynamicBlurView (3.0.1)
  - Fabric (1.10.2)
  - FBSDKCoreKit (5.15.1):
    - FBSDKCoreKit/Basics (= 5.15.1)
    - FBSDKCoreKit/Core (= 5.15.1)
  - FBSDKCoreKit/Basics (5.15.1)
  - FBSDKCoreKit/Core (5.15.1):
    - FBSDKCoreKit/Basics
  - FBSDKLoginKit (5.15.1):
    - FBSDKLoginKit/Login (= 5.15.1)
  - FBSDKLoginKit/Login (5.15.1):
    - FBSDKCoreKit (~> 5.0)
  - Firebase/Analytics (6.19.0):
    - Firebase/Core
  - Firebase/Auth (6.19.0):
    - Firebase/CoreOnly
    - FirebaseAuth (~> 6.4.3)
  - Firebase/Core (6.19.0):
    - Firebase/CoreOnly
    - FirebaseAnalytics (= 6.3.1)
  - Firebase/CoreOnly (6.19.0):
    - FirebaseCore (= 6.6.4)
  - Firebase/InAppMessagingDisplay (6.19.0):
    - Firebase/CoreOnly
    - FirebaseInAppMessagingDisplay (~> 0.17.0)
  - Firebase/Messaging (6.19.0):
    - Firebase/CoreOnly
    - FirebaseMessaging (~> 4.3.0)
  - Firebase/RemoteConfig (6.19.0):
    - Firebase/CoreOnly
    - FirebaseRemoteConfig (~> 4.4.9)
  - FirebaseABTesting (3.2.0):
    - FirebaseAnalyticsInterop (~> 1.3)
    - FirebaseCore (~> 6.1)
    - Protobuf (>= 3.9.2, ~> 3.9)
  - FirebaseAnalytics (6.3.1):
    - FirebaseCore (~> 6.6)
    - FirebaseInstallations (~> 1.1)
    - GoogleAppMeasurement (= 6.3.1)
    - GoogleUtilities/AppDelegateSwizzler (~> 6.0)
    - GoogleUtilities/MethodSwizzler (~> 6.0)
    - GoogleUtilities/Network (~> 6.0)
    - "GoogleUtilities/NSData+zlib (~> 6.0)"
    - nanopb (= 0.3.9011)
  - FirebaseAnalyticsInterop (1.5.0)
  - FirebaseAuth (6.4.3):
    - FirebaseAuthInterop (~> 1.0)
    - FirebaseCore (~> 6.6)
    - GoogleUtilities/AppDelegateSwizzler (~> 6.5)
    - GoogleUtilities/Environment (~> 6.5)
    - GTMSessionFetcher/Core (~> 1.1)
  - FirebaseAuthInterop (1.1.0)
  - FirebaseCore (6.6.4):
    - FirebaseCoreDiagnostics (~> 1.2)
    - FirebaseCoreDiagnosticsInterop (~> 1.2)
    - GoogleUtilities/Environment (~> 6.5)
    - GoogleUtilities/Logger (~> 6.5)
  - FirebaseCoreDiagnostics (1.2.2):
    - FirebaseCoreDiagnosticsInterop (~> 1.2)
    - GoogleDataTransportCCTSupport (~> 2.0)
    - GoogleUtilities/Environment (~> 6.5)
    - GoogleUtilities/Logger (~> 6.5)
    - nanopb (~> 0.3.901)
  - FirebaseCoreDiagnosticsInterop (1.2.0)
  - FirebaseInAppMessagingDisplay (0.17.0)
  - FirebaseInstallations (1.1.0):
    - FirebaseCore (~> 6.6)
    - GoogleUtilities/UserDefaults (~> 6.5)
    - PromisesObjC (~> 1.2)
  - FirebaseInstanceID (4.3.2):
    - FirebaseCore (~> 6.6)
    - FirebaseInstallations (~> 1.0)
    - GoogleUtilities/Environment (~> 6.5)
    - GoogleUtilities/UserDefaults (~> 6.5)
  - FirebaseMessaging (4.3.0):
    - FirebaseAnalyticsInterop (~> 1.5)
    - FirebaseCore (~> 6.6)
    - FirebaseInstanceID (~> 4.3)
    - GoogleUtilities/AppDelegateSwizzler (~> 6.5)
    - GoogleUtilities/Environment (~> 6.5)
    - GoogleUtilities/Reachability (~> 6.5)
    - GoogleUtilities/UserDefaults (~> 6.5)
    - Protobuf (>= 3.9.2, ~> 3.9)
  - FirebaseRemoteConfig (4.4.9):
    - FirebaseABTesting (~> 3.1)
    - FirebaseAnalyticsInterop (~> 1.4)
    - FirebaseCore (~> 6.2)
    - FirebaseInstanceID (~> 4.2)
    - GoogleUtilities/Environment (~> 6.2)
    - "GoogleUtilities/NSData+zlib (~> 6.2)"
    - Protobuf (>= 3.9.2, ~> 3.9)
  - FirebaseUI/Auth (8.4.2):
    - Firebase/Auth (~> 6.0)
    - GoogleUtilities/UserDefaults
  - FirebaseUI/Facebook (8.4.2):
    - FBSDKLoginKit (~> 5.0)
    - FirebaseUI/Auth
  - FMDB (2.7.5):
    - FMDB/standard (= 2.7.5)
  - FMDB/standard (2.7.5)
  - GoogleAppMeasurement (6.3.1):
    - GoogleUtilities/AppDelegateSwizzler (~> 6.0)
    - GoogleUtilities/MethodSwizzler (~> 6.0)
    - GoogleUtilities/Network (~> 6.0)
    - "GoogleUtilities/NSData+zlib (~> 6.0)"
    - nanopb (= 0.3.9011)
  - GoogleDataTransport (5.0.0)
  - GoogleDataTransportCCTSupport (2.0.0):
    - GoogleDataTransport (~> 5.0)
    - nanopb (~> 0.3.901)
  - GoogleUtilities/AppDelegateSwizzler (6.5.1):
    - GoogleUtilities/Environment
    - GoogleUtilities/Logger
    - GoogleUtilities/Network
  - GoogleUtilities/Environment (6.5.1)
  - GoogleUtilities/Logger (6.5.1):
    - GoogleUtilities/Environment
  - GoogleUtilities/MethodSwizzler (6.5.1):
    - GoogleUtilities/Logger
  - GoogleUtilities/Network (6.5.1):
    - GoogleUtilities/Logger
    - "GoogleUtilities/NSData+zlib"
    - GoogleUtilities/Reachability
  - "GoogleUtilities/NSData+zlib (6.5.1)"
  - GoogleUtilities/Reachability (6.5.1):
    - GoogleUtilities/Logger
  - GoogleUtilities/UserDefaults (6.5.1):
    - GoogleUtilities/Logger
  - GTMSessionFetcher/Core (1.3.1)
  - Hex (6.1.0)
  - Intercom (5.4.1)
  - Mantle (2.1.1):
    - Mantle/extobjc (= 2.1.1)
  - Mantle/extobjc (2.1.1)
  - Mixpanel-swift (2.7.0):
    - Mixpanel-swift/Complete (= 2.7.0)
  - Mixpanel-swift/Complete (2.7.0)
  - nanopb (0.3.9011):
    - nanopb/decode (= 0.3.9011)
    - nanopb/encode (= 0.3.9011)
  - nanopb/decode (0.3.9011)
  - nanopb/encode (0.3.9011)
  - NavigationDropdownMenu (5.0.0)
  - Obfuscator (2.0.0)
  - Onfido (17.0.0)
  - OpenSSL-Universal (1.0.2.19):
    - OpenSSL-Universal/Static (= 1.0.2.19)
  - OpenSSL-Universal/Static (1.0.2.19)
  - PopOverMenu (2.6.0)
  - PopupDialog (1.0.0):
    - DynamicBlurView (~> 3.0.1)
  - PromiseKit (6.13.1):
    - PromiseKit/CorePromise (= 6.13.1)
    - PromiseKit/Foundation (= 6.13.1)
    - PromiseKit/UIKit (= 6.13.1)
  - PromiseKit/CorePromise (6.13.1)
  - PromiseKit/Foundation (6.13.1):
    - PromiseKit/CorePromise
  - PromiseKit/UIKit (6.13.1):
    - PromiseKit/CorePromise
  - PromisesObjC (1.2.8)
  - Protobuf (3.11.4)
  - PullToRefreshKit (0.8.8)
  - QuickLayout (3.0.0)
  - REValidation (0.1.4)
  - SDWebImage (5.6.1):
    - SDWebImage/Core (= 5.6.1)
  - SDWebImage/Core (5.6.1)
  - SearchTextField (1.2.4)
  - SnapshotTest (3.0.0)
  - SQLCipher (4.3.0):
    - SQLCipher/standard (= 4.3.0)
  - SQLCipher/common (4.3.0)
  - SQLCipher/standard (4.3.0):
    - SQLCipher/common
  - sqlite3 (3.27.2):
    - sqlite3/common (= 3.27.2)
  - sqlite3/common (3.27.2)
  - SVProgressHUD (2.2.5)
  - SwiftEntryKit (1.1.0):
    - QuickLayout (= 3.0.0)
  - SwiftKeychainWrapper (3.4.0)
  - UDatePicker (1.1.1)
  - Validator (3.2.1)

DEPENDENCIES:
  - Alamofire (~> 4.9.0)
  - Charts (~> 3.3)
  - CocoaLumberjack (<= 3.4.2)
  - Crashlytics (~> 3.14.0)
  - DateToolsSwift
  - Fabric (~> 1.10.2)
  - Firebase/Analytics
  - Firebase/Auth
  - Firebase/Core
  - Firebase/InAppMessagingDisplay
  - Firebase/Messaging
  - Firebase/RemoteConfig
  - FirebaseUI/Auth
  - FirebaseUI/Facebook
  - FMDB
  - Hex
  - Intercom (~> 5.4.1)
  - Mantle
  - Mixpanel-swift
  - NavigationDropdownMenu
  - Obfuscator
  - Onfido
  - OpenSSL-Universal
  - PopOverMenu
  - PopupDialog (~> 1.0.0)
  - PromiseKit
  - PromisesObjC
  - PullToRefreshKit
  - REValidation
  - SDWebImage (~> 5.0)
  - SearchTextField (~> 1.2.0)
  - SnapshotTest
  - SQLCipher
  - sqlite3 (~> 3.27.2)
  - SVProgressHUD
  - SwiftEntryKit (= 1.1.0)
  - SwiftKeychainWrapper
  - UDatePicker (~> 1.1.1)
  - Validator (~> 3.2)

SPEC REPOS:
  trunk:
    - Alamofire
    - Charts
    - CocoaLumberjack
    - Crashlytics
    - DateToolsSwift
    - DynamicBlurView
    - Fabric
    - FBSDKCoreKit
    - FBSDKLoginKit
    - Firebase
    - FirebaseABTesting
    - FirebaseAnalytics
    - FirebaseAnalyticsInterop
    - FirebaseAuth
    - FirebaseAuthInterop
    - FirebaseCore
    - FirebaseCoreDiagnostics
    - FirebaseCoreDiagnosticsInterop
    - FirebaseInAppMessagingDisplay
    - FirebaseInstallations
    - FirebaseInstanceID
    - FirebaseMessaging
    - FirebaseRemoteConfig
    - FirebaseUI
    - FMDB
    - GoogleAppMeasurement
    - GoogleDataTransport
    - GoogleDataTransportCCTSupport
    - GoogleUtilities
    - GTMSessionFetcher
    - Hex
    - Intercom
    - Mantle
    - Mixpanel-swift
    - nanopb
    - NavigationDropdownMenu
    - Obfuscator
    - Onfido
    - OpenSSL-Universal
    - PopOverMenu
    - PopupDialog
    - PromiseKit
    - PromisesObjC
    - Protobuf
    - PullToRefreshKit
    - QuickLayout
    - REValidation
    - SDWebImage
    - SearchTextField
    - SnapshotTest
    - SQLCipher
    - sqlite3
    - SVProgressHUD
    - SwiftEntryKit
    - SwiftKeychainWrapper
    - UDatePicker
    - Validator

SPEC CHECKSUMS:
  Alamofire: 85e8a02c69d6020a0d734f6054870d7ecb75cf18
  Charts: 74c9f256eaf0460c0c416522d1cf8c634ea6b286
  CocoaLumberjack: db7cc9e464771f12054c22ff6947c5a58d43a0fd
  Crashlytics: 540b7e5f5da5a042647227a5e3ac51d85eed06df
  DateToolsSwift: 4207ada6ad615d8dc076323d27037c94916dbfa6
  DynamicBlurView: b1df5415f9bd31897549e5d7077e5ec120a4d636
  Fabric: 706c8b8098fff96c33c0db69cbf81f9c551d0d74
  FBSDKCoreKit: 1d5acf7c9d7a2f92bb1a242dc60cae5b7adb91df
  FBSDKLoginKit: f1ea8026a58b52d30c9f2e6a58ca7d813619fb83
  Firebase: d55ddb0e0bb3207166cddc028647833d8a1b5b6f
  FirebaseABTesting: 821a3a3e4a145987e80fee3657c4de1cb9adf693
  FirebaseAnalytics: 572e467f3d977825266e8ccd52674aa3e6f47eac
  FirebaseAnalyticsInterop: 3f86269c38ae41f47afeb43ebf32a001f58fcdae
  FirebaseAuth: 5ce2b03a3d7fe56b7a6e4c5ec7ff1522890b1d6f
  FirebaseAuthInterop: a0f37ae05833af156e72028f648d313f7e7592e9
  FirebaseCore: ed0a24c758a57c2b88c5efa8e6a8195e868af589
  FirebaseCoreDiagnostics: e9b4cd8ba60dee0f2d13347332e4b7898cca5b61
  FirebaseCoreDiagnosticsInterop: 296e2c5f5314500a850ad0b83e9e7c10b011a850
  FirebaseInAppMessagingDisplay: b55300a5353ed570ee18e7be6d853feccb17e4aa
  FirebaseInstallations: 575cd32f2aec0feeb0e44f5d0110a09e5e60b47b
  FirebaseInstanceID: 7ee0d6777013bb952f377b41965bf132b6a075be
  FirebaseMessaging: 4ec33842d36b3319e062e51fb8b35a74f726950d
  FirebaseRemoteConfig: 47abf7a04a9082091955ea555aa79cfdd249b19c
  FirebaseUI: e57e9b9c4340631151fbe67a14206d23d0974f37
  FMDB: 2ce00b547f966261cd18927a3ddb07cb6f3db82a
  GoogleAppMeasurement: c29d405ff76e18551b5d158eaba6753fda8c7542
  GoogleDataTransport: a857c6a002d201b524dd4bc2ed7e7355ed07e785
  GoogleDataTransportCCTSupport: 32f75fbe904c82772fcbb6b6bd4525bfb6f2a862
  GoogleUtilities: 06eb53bb579efe7099152735900dd04bf09e7275
  GTMSessionFetcher: cea130bbfe5a7edc8d06d3f0d17288c32ffe9925
  Hex: 2f67dd0cbb178cb24992e7529b025b8d16ff0bdc
  Intercom: d189cf8cc8591e7e63dbb10ee4401a70a7fdc9d6
  Mantle: 35238ae6f2e2b2d474fa7b67fee82a59fea71915
  Mixpanel-swift: af074beb44bdac38ab611e1d575a073bbb3d6780
  nanopb: 18003b5e52dab79db540fe93fe9579f399bd1ccd
  NavigationDropdownMenu: 02a0e0ab71abd174396ab84ef27863d27e6ac2b9
  Obfuscator: 9573f662415f048c1de91f99aa10626dd50e5007
  Onfido: f0a5c5ad9f523a9fda1e9b2f61c9ffee753f7941
  OpenSSL-Universal: 8b48cc0d10c1b2923617dfe5c178aa9ed2689355
  PopOverMenu: 958033577cdcfae7dc506c8dfeed621d1491924e
  PopupDialog: 28f29a1ffe9e1fab32fb258b53d56ca31670e8a2
  PromiseKit: 28fda91c973cc377875d8c0ea4f973013c05b6db
  PromisesObjC: c119f3cd559f50b7ae681fa59dc1acd19173b7e6
  Protobuf: 176220c526ad8bd09ab1fb40a978eac3fef665f7
  PullToRefreshKit: 7cc53e720e69f135cffa1a57784dfb534f0222ab
  QuickLayout: 07b45a72b10083fee3f095990cfed1c1e7b27f0a
  REValidation: 38c4de1be58455f8b00aab208ac80db316a66b7f
  SDWebImage: 7edb9c3ea661e77a66661f7f044de8c1b55d1120
  SearchTextField: 40dc3cc57def5a211f263cac263622c163bbc25a
  SnapshotTest: 8d5c6a5778d5a7ae6e9cec9eae087696ebbd3ab1
  SQLCipher: d305a7bd9af4b64f095c79bdc1a1fa50f2a15116
  sqlite3: 80ee60823f7cf9ea4cd36ef7d68ea4a54b20906a
  SVProgressHUD: 1428aafac632c1f86f62aa4243ec12008d7a51d6
  SwiftEntryKit: 3f922303644cb41112564cb2379abc266387594d
  SwiftKeychainWrapper: 6fc49fbf7d4a6b0772917acb0e53a1639f6078d6
  UDatePicker: 9bc1e36698982375332daff674d26a68d40e2d3a
  Validator: 80a6f567220c962dfd2d9928ae98a8c1d164f6f4

PODFILE CHECKSUM: 77e7c9c3ee1a724721cf8132092883c8415a69f1

COCOAPODS: 1.8.4
